
Microsoft Visual Studio Solution File, Format Version 12.00
# Visual Studio Version 17
VisualStudioVersion = 17.10.34928.147
MinimumVisualStudioVersion = 10.0.40219.1
Project("{FAE04EC0-301F-11D3-BF4B-00C04F79EFBC}") = "CalculatorChallenge", "CalculatorChallenge.csproj", "{855AAA10-3AD1-467F-8FA1-4C056264705C}"
EndProject
Project("{FAE04EC0-301F-11D3-BF4B-00C04F79EFBC}") = "CalculatorChallenge.Tests", "..\CalculatorChallenge.Tests\CalculatorChallenge.Tests.csproj", "{5709494D-961E-488D-8478-BB89FF711EA1}"
EndProject
Global
	GlobalSection(SolutionConfigurationPlatforms) = preSolution
		Debug|Any CPU = Debug|Any CPU
		Release|Any CPU = Release|Any CPU
	EndGlobalSection
	GlobalSection(ProjectConfigurationPlatforms) = postSolution
		{855AAA10-3AD1-467F-8FA1-4C056264705C}.Debug|Any CPU.ActiveCfg = Debug|Any CPU
		{855AAA10-3AD1-467F-8FA1-4C056264705C}.Debug|Any CPU.Build.0 = Debug|Any CPU
		{855AAA10-3AD1-467F-8FA1-4C056264705C}.Release|Any CPU.ActiveCfg = Release|Any CPU
		{855AAA10-3AD1-467F-8FA1-4C056264705C}.Release|Any CPU.Build.0 = Release|Any CPU
		{5709494D-961E-488D-8478-BB89FF711EA1}.Debug|Any CPU.ActiveCfg = Debug|Any CPU
		{5709494D-961E-488D-8478-BB89FF711EA1}.Debug|Any CPU.Build.0 = Debug|Any CPU
		{5709494D-961E-488D-8478-BB89FF711EA1}.Release|Any CPU.ActiveCfg = Release|Any CPU
		{5709494D-961E-488D-8478-BB89FF711EA1}.Release|Any CPU.Build.0 = Release|Any CPU
	EndGlobalSection
	GlobalSection(SolutionProperties) = preSolution
		HideSolutionNode = FALSE
	EndGlobalSection
	GlobalSection(ExtensibilityGlobals) = postSolution
		SolutionGuid = {F793E40C-3370-4734-AC27-A0410A8D47D0}
	EndGlobalSection
EndGlobal
